// !$*UTF8*$!
{
	archiveVersion = 1;
	classes = {
	};
	objectVersion = 46;
	objects = {

/* Begin PBXBuildFile section */
		0650EDCA1BA1E0EE00E83AD4 /* DataCoordinator.h in Headers */ = {isa = PBXBuildFile; fileRef = 0650EDC91BA1E0EE00E83AD4 /* DataCoordinator.h */; settings = {ATTRIBUTES = (Public, ); }; };
		0650EDD11BA1E0EE00E83AD4 /* DataCoordinator.framework in Frameworks */ = {isa = PBXBuildFile; fileRef = 0650EDC71BA1E0EE00E83AD4 /* DataCoordinator.framework */; };
		0650EDD81BA1E0EE00E83AD4 /* DataCoordinatorTests.swift in Sources */ = {isa = PBXBuildFile; fileRef = 0650EDD71BA1E0EE00E83AD4 /* DataCoordinatorTests.swift */; };
		0650EDDC1BA1E0EE00E83AD4 /* DataCoordinator.framework in Frameworks */ = {isa = PBXBuildFile; fileRef = 0650EDC71BA1E0EE00E83AD4 /* DataCoordinator.framework */; };
		0650EDDD1BA1E0EE00E83AD4 /* DataCoordinator.framework in Embed Frameworks */ = {isa = PBXBuildFile; fileRef = 0650EDC71BA1E0EE00E83AD4 /* DataCoordinator.framework */; settings = {ATTRIBUTES = (CodeSignOnCopy, RemoveHeadersOnCopy, ); }; };
		0650EDE61BA1E10900E83AD4 /* CoreData.framework in Frameworks */ = {isa = PBXBuildFile; fileRef = 0650EDE51BA1E10900E83AD4 /* CoreData.framework */; };
		35AA86021BA0A168004DA80D /* AppDelegate.swift in Sources */ = {isa = PBXBuildFile; fileRef = 35AA86011BA0A168004DA80D /* AppDelegate.swift */; };
		35AA86041BA0A168004DA80D /* ViewController.swift in Sources */ = {isa = PBXBuildFile; fileRef = 35AA86031BA0A168004DA80D /* ViewController.swift */; };
		35AA86071BA0A168004DA80D /* Main.storyboard in Resources */ = {isa = PBXBuildFile; fileRef = 35AA86051BA0A168004DA80D /* Main.storyboard */; };
		35AA860A1BA0A168004DA80D /* CoreDataTest.xcdatamodeld in Sources */ = {isa = PBXBuildFile; fileRef = 35AA86081BA0A168004DA80D /* CoreDataTest.xcdatamodeld */; };
		35AA860C1BA0A168004DA80D /* Assets.xcassets in Resources */ = {isa = PBXBuildFile; fileRef = 35AA860B1BA0A168004DA80D /* Assets.xcassets */; };
		35AA860F1BA0A168004DA80D /* LaunchScreen.storyboard in Resources */ = {isa = PBXBuildFile; fileRef = 35AA860D1BA0A168004DA80D /* LaunchScreen.storyboard */; };
		35AA86181BA0A20E004DA80D /* User+CoreDataProperties.swift in Sources */ = {isa = PBXBuildFile; fileRef = 35AA86161BA0A20E004DA80D /* User+CoreDataProperties.swift */; };
		35AA86191BA0A20E004DA80D /* User.swift in Sources */ = {isa = PBXBuildFile; fileRef = 35AA86171BA0A20E004DA80D /* User.swift */; };
		35AA861B1BA0A3EE004DA80D /* CoreDataManager.swift in Sources */ = {isa = PBXBuildFile; fileRef = 35AA861A1BA0A3ED004DA80D /* CoreDataManager.swift */; };
		35F31F7A1BA0F04400B8CCA5 /* DataSource.swift in Sources */ = {isa = PBXBuildFile; fileRef = 35F31F791BA0F04400B8CCA5 /* DataSource.swift */; };
/* End PBXBuildFile section */

/* Begin PBXContainerItemProxy section */
		0650EDD21BA1E0EE00E83AD4 /* PBXContainerItemProxy */ = {
			isa = PBXContainerItemProxy;
			containerPortal = 35AA85F61BA0A168004DA80D /* Project object */;
			proxyType = 1;
			remoteGlobalIDString = 0650EDC61BA1E0EE00E83AD4;
			remoteInfo = DataCoordinator;
		};
		0650EDD41BA1E0EE00E83AD4 /* PBXContainerItemProxy */ = {
			isa = PBXContainerItemProxy;
			containerPortal = 35AA85F61BA0A168004DA80D /* Project object */;
			proxyType = 1;
			remoteGlobalIDString = 35AA85FD1BA0A168004DA80D;
			remoteInfo = CoreDataTest;
		};
		0650EDDA1BA1E0EE00E83AD4 /* PBXContainerItemProxy */ = {
			isa = PBXContainerItemProxy;
			containerPortal = 35AA85F61BA0A168004DA80D /* Project object */;
			proxyType = 1;
			remoteGlobalIDString = 0650EDC61BA1E0EE00E83AD4;
			remoteInfo = DataCoordinator;
		};
/* End PBXContainerItemProxy section */

/* Begin PBXCopyFilesBuildPhase section */
		0650EDE11BA1E0EE00E83AD4 /* Embed Frameworks */ = {
			isa = PBXCopyFilesBuildPhase;
			buildActionMask = 2147483647;
			dstPath = "";
			dstSubfolderSpec = 10;
			files = (
				0650EDDD1BA1E0EE00E83AD4 /* DataCoordinator.framework in Embed Frameworks */,
			);
			name = "Embed Frameworks";
			runOnlyForDeploymentPostprocessing = 0;
		};
/* End PBXCopyFilesBuildPhase section */

/* Begin PBXFileReference section */
		0650EDC71BA1E0EE00E83AD4 /* DataCoordinator.framework */ = {isa = PBXFileReference; explicitFileType = wrapper.framework; includeInIndex = 0; path = DataCoordinator.framework; sourceTree = BUILT_PRODUCTS_DIR; };
		0650EDC91BA1E0EE00E83AD4 /* DataCoordinator.h */ = {isa = PBXFileReference; lastKnownFileType = sourcecode.c.h; path = DataCoordinator.h; sourceTree = "<group>"; };
		0650EDCB1BA1E0EE00E83AD4 /* Info.plist */ = {isa = PBXFileReference; lastKnownFileType = text.plist.xml; path = Info.plist; sourceTree = "<group>"; };
		0650EDD01BA1E0EE00E83AD4 /* DataCoordinatorTests.xctest */ = {isa = PBXFileReference; explicitFileType = wrapper.cfbundle; includeInIndex = 0; path = DataCoordinatorTests.xctest; sourceTree = BUILT_PRODUCTS_DIR; };
		0650EDD71BA1E0EE00E83AD4 /* DataCoordinatorTests.swift */ = {isa = PBXFileReference; lastKnownFileType = sourcecode.swift; path = DataCoordinatorTests.swift; sourceTree = "<group>"; };
		0650EDD91BA1E0EE00E83AD4 /* Info.plist */ = {isa = PBXFileReference; lastKnownFileType = text.plist.xml; path = Info.plist; sourceTree = "<group>"; };
		0650EDE51BA1E10900E83AD4 /* CoreData.framework */ = {isa = PBXFileReference; lastKnownFileType = wrapper.framework; name = CoreData.framework; path = System/Library/Frameworks/CoreData.framework; sourceTree = SDKROOT; };
		35AA85FE1BA0A168004DA80D /* CoreDataTest.app */ = {isa = PBXFileReference; explicitFileType = wrapper.application; includeInIndex = 0; path = CoreDataTest.app; sourceTree = BUILT_PRODUCTS_DIR; };
		35AA86011BA0A168004DA80D /* AppDelegate.swift */ = {isa = PBXFileReference; lastKnownFileType = sourcecode.swift; path = AppDelegate.swift; sourceTree = "<group>"; };
		35AA86031BA0A168004DA80D /* ViewController.swift */ = {isa = PBXFileReference; lastKnownFileType = sourcecode.swift; path = ViewController.swift; sourceTree = "<group>"; };
		35AA86061BA0A168004DA80D /* Base */ = {isa = PBXFileReference; lastKnownFileType = file.storyboard; name = Base; path = Base.lproj/Main.storyboard; sourceTree = "<group>"; };
		35AA86091BA0A168004DA80D /* CoreDataTest.xcdatamodel */ = {isa = PBXFileReference; lastKnownFileType = wrapper.xcdatamodel; path = CoreDataTest.xcdatamodel; sourceTree = "<group>"; };
		35AA860B1BA0A168004DA80D /* Assets.xcassets */ = {isa = PBXFileReference; lastKnownFileType = folder.assetcatalog; path = Assets.xcassets; sourceTree = "<group>"; };
		35AA860E1BA0A168004DA80D /* Base */ = {isa = PBXFileReference; lastKnownFileType = file.storyboard; name = Base; path = Base.lproj/LaunchScreen.storyboard; sourceTree = "<group>"; };
		35AA86101BA0A168004DA80D /* Info.plist */ = {isa = PBXFileReference; lastKnownFileType = text.plist.xml; path = Info.plist; sourceTree = "<group>"; };
		35AA86161BA0A20E004DA80D /* User+CoreDataProperties.swift */ = {isa = PBXFileReference; fileEncoding = 4; lastKnownFileType = sourcecode.swift; path = "User+CoreDataProperties.swift"; sourceTree = "<group>"; };
		35AA86171BA0A20E004DA80D /* User.swift */ = {isa = PBXFileReference; fileEncoding = 4; lastKnownFileType = sourcecode.swift; path = User.swift; sourceTree = "<group>"; };
		35AA861A1BA0A3ED004DA80D /* CoreDataManager.swift */ = {isa = PBXFileReference; fileEncoding = 4; lastKnownFileType = sourcecode.swift; path = CoreDataManager.swift; sourceTree = "<group>"; };
		35F31F791BA0F04400B8CCA5 /* DataSource.swift */ = {isa = PBXFileReference; fileEncoding = 4; lastKnownFileType = sourcecode.swift; name = DataSource.swift; path = ../DataSource.swift; sourceTree = "<group>"; };
/* End PBXFileReference section */

/* Begin PBXFrameworksBuildPhase section */
		0650EDC31BA1E0EE00E83AD4 /* Frameworks */ = {
			isa = PBXFrameworksBuildPhase;
			buildActionMask = 2147483647;
			files = (
				0650EDE61BA1E10900E83AD4 /* CoreData.framework in Frameworks */,
			);
			runOnlyForDeploymentPostprocessing = 0;
		};
		0650EDCD1BA1E0EE00E83AD4 /* Frameworks */ = {
			isa = PBXFrameworksBuildPhase;
			buildActionMask = 2147483647;
			files = (
				0650EDD11BA1E0EE00E83AD4 /* DataCoordinator.framework in Frameworks */,
			);
			runOnlyForDeploymentPostprocessing = 0;
		};
		35AA85FB1BA0A168004DA80D /* Frameworks */ = {
			isa = PBXFrameworksBuildPhase;
			buildActionMask = 2147483647;
			files = (
				0650EDDC1BA1E0EE00E83AD4 /* DataCoordinator.framework in Frameworks */,
			);
			runOnlyForDeploymentPostprocessing = 0;
		};
/* End PBXFrameworksBuildPhase section */

/* Begin PBXGroup section */
		0650EDC81BA1E0EE00E83AD4 /* DataCoordinator */ = {
			isa = PBXGroup;
			children = (
				0650EDC91BA1E0EE00E83AD4 /* DataCoordinator.h */,
				0650EDCB1BA1E0EE00E83AD4 /* Info.plist */,
			);
			path = DataCoordinator;
			sourceTree = "<group>";
		};
		0650EDD61BA1E0EE00E83AD4 /* DataCoordinatorTests */ = {
			isa = PBXGroup;
			children = (
				0650EDD71BA1E0EE00E83AD4 /* DataCoordinatorTests.swift */,
				0650EDD91BA1E0EE00E83AD4 /* Info.plist */,
			);
			path = DataCoordinatorTests;
			sourceTree = "<group>";
		};
		35AA85F51BA0A168004DA80D = {
			isa = PBXGroup;
			children = (
				0650EDE51BA1E10900E83AD4 /* CoreData.framework */,
				35AA86001BA0A168004DA80D /* CoreDataTest */,
				0650EDC81BA1E0EE00E83AD4 /* DataCoordinator */,
				0650EDD61BA1E0EE00E83AD4 /* DataCoordinatorTests */,
				35AA85FF1BA0A168004DA80D /* Products */,
			);
			sourceTree = "<group>";
		};
		35AA85FF1BA0A168004DA80D /* Products */ = {
			isa = PBXGroup;
			children = (
				35AA85FE1BA0A168004DA80D /* CoreDataTest.app */,
				0650EDC71BA1E0EE00E83AD4 /* DataCoordinator.framework */,
				0650EDD01BA1E0EE00E83AD4 /* DataCoordinatorTests.xctest */,
			);
			name = Products;
			sourceTree = "<group>";
		};
		35AA86001BA0A168004DA80D /* CoreDataTest */ = {
			isa = PBXGroup;
			children = (
				35AA86011BA0A168004DA80D /* AppDelegate.swift */,
				35AA86031BA0A168004DA80D /* ViewController.swift */,
				35AA86051BA0A168004DA80D /* Main.storyboard */,
				35AA860B1BA0A168004DA80D /* Assets.xcassets */,
				35AA860D1BA0A168004DA80D /* LaunchScreen.storyboard */,
				35AA86101BA0A168004DA80D /* Info.plist */,
				35AA86081BA0A168004DA80D /* CoreDataTest.xcdatamodeld */,
				35AA86161BA0A20E004DA80D /* User+CoreDataProperties.swift */,
				35AA86171BA0A20E004DA80D /* User.swift */,
				35F31F791BA0F04400B8CCA5 /* DataSource.swift */,
				35AA861A1BA0A3ED004DA80D /* CoreDataManager.swift */,
			);
			path = CoreDataTest;
			sourceTree = "<group>";
		};
/* End PBXGroup section */

/* Begin PBXHeadersBuildPhase section */
		0650EDC41BA1E0EE00E83AD4 /* Headers */ = {
			isa = PBXHeadersBuildPhase;
			buildActionMask = 2147483647;
			files = (
				0650EDCA1BA1E0EE00E83AD4 /* DataCoordinator.h in Headers */,
			);
			runOnlyForDeploymentPostprocessing = 0;
		};
/* End PBXHeadersBuildPhase section */

/* Begin PBXNativeTarget section */
		0650EDC61BA1E0EE00E83AD4 /* DataCoordinator */ = {
			isa = PBXNativeTarget;
			buildConfigurationList = 0650EDDE1BA1E0EE00E83AD4 /* Build configuration list for PBXNativeTarget "DataCoordinator" */;
			buildPhases = (
				0650EDC21BA1E0EE00E83AD4 /* Sources */,
				0650EDC31BA1E0EE00E83AD4 /* Frameworks */,
				0650EDC41BA1E0EE00E83AD4 /* Headers */,
				0650EDC51BA1E0EE00E83AD4 /* Resources */,
			);
			buildRules = (
			);
			dependencies = (
			);
			name = DataCoordinator;
			productName = DataCoordinator;
			productReference = 0650EDC71BA1E0EE00E83AD4 /* DataCoordinator.framework */;
			productType = "com.apple.product-type.framework";
		};
		0650EDCF1BA1E0EE00E83AD4 /* DataCoordinatorTests */ = {
			isa = PBXNativeTarget;
			buildConfigurationList = 0650EDE21BA1E0EE00E83AD4 /* Build configuration list for PBXNativeTarget "DataCoordinatorTests" */;
			buildPhases = (
				0650EDCC1BA1E0EE00E83AD4 /* Sources */,
				0650EDCD1BA1E0EE00E83AD4 /* Frameworks */,
				0650EDCE1BA1E0EE00E83AD4 /* Resources */,
			);
			buildRules = (
			);
			dependencies = (
				0650EDD31BA1E0EE00E83AD4 /* PBXTargetDependency */,
				0650EDD51BA1E0EE00E83AD4 /* PBXTargetDependency */,
			);
			name = DataCoordinatorTests;
			productName = DataCoordinatorTests;
			productReference = 0650EDD01BA1E0EE00E83AD4 /* DataCoordinatorTests.xctest */;
			productType = "com.apple.product-type.bundle.unit-test";
		};
		35AA85FD1BA0A168004DA80D /* CoreDataTest */ = {
			isa = PBXNativeTarget;
			buildConfigurationList = 35AA86131BA0A168004DA80D /* Build configuration list for PBXNativeTarget "CoreDataTest" */;
			buildPhases = (
				35AA85FA1BA0A168004DA80D /* Sources */,
				35AA85FB1BA0A168004DA80D /* Frameworks */,
				35AA85FC1BA0A168004DA80D /* Resources */,
				0650EDE11BA1E0EE00E83AD4 /* Embed Frameworks */,
			);
			buildRules = (
			);
			dependencies = (
				0650EDDB1BA1E0EE00E83AD4 /* PBXTargetDependency */,
			);
			name = CoreDataTest;
			productName = CoreDataTest;
			productReference = 35AA85FE1BA0A168004DA80D /* CoreDataTest.app */;
			productType = "com.apple.product-type.application";
		};
/* End PBXNativeTarget section */

/* Begin PBXProject section */
		35AA85F61BA0A168004DA80D /* Project object */ = {
			isa = PBXProject;
			attributes = {
				LastSwiftUpdateCheck = 0710;
				LastUpgradeCheck = 0700;
				ORGANIZATIONNAME = "Beam Technologies";
				TargetAttributes = {
					0650EDC61BA1E0EE00E83AD4 = {
						CreatedOnToolsVersion = 7.1;
						DevelopmentTeam = 78NWVE472V;
					};
					0650EDCF1BA1E0EE00E83AD4 = {
						CreatedOnToolsVersion = 7.1;
						TestTargetID = 35AA85FD1BA0A168004DA80D;
					};
					35AA85FD1BA0A168004DA80D = {
						CreatedOnToolsVersion = 7.0;
						DevelopmentTeam = 78NWVE472V;
					};
				};
			};
			buildConfigurationList = 35AA85F91BA0A168004DA80D /* Build configuration list for PBXProject "CoreDataTest" */;
			compatibilityVersion = "Xcode 3.2";
			developmentRegion = English;
			hasScannedForEncodings = 0;
			knownRegions = (
				en,
				Base,
			);
			mainGroup = 35AA85F51BA0A168004DA80D;
			productRefGroup = 35AA85FF1BA0A168004DA80D /* Products */;
			projectDirPath = "";
			projectRoot = "";
			targets = (
				35AA85FD1BA0A168004DA80D /* CoreDataTest */,
				0650EDC61BA1E0EE00E83AD4 /* DataCoordinator */,
				0650EDCF1BA1E0EE00E83AD4 /* DataCoordinatorTests */,
			);
		};
/* End PBXProject section */

/* Begin PBXResourcesBuildPhase section */
		0650EDC51BA1E0EE00E83AD4 /* Resources */ = {
			isa = PBXResourcesBuildPhase;
			buildActionMask = 2147483647;
			files = (
			);
			runOnlyForDeploymentPostprocessing = 0;
		};
		0650EDCE1BA1E0EE00E83AD4 /* Resources */ = {
			isa = PBXResourcesBuildPhase;
			buildActionMask = 2147483647;
			files = (
			);
			runOnlyForDeploymentPostprocessing = 0;
		};
		35AA85FC1BA0A168004DA80D /* Resources */ = {
			isa = PBXResourcesBuildPhase;
			buildActionMask = 2147483647;
			files = (
				35AA860F1BA0A168004DA80D /* LaunchScreen.storyboard in Resources */,
				35AA860C1BA0A168004DA80D /* Assets.xcassets in Resources */,
				35AA86071BA0A168004DA80D /* Main.storyboard in Resources */,
			);
			runOnlyForDeploymentPostprocessing = 0;
		};
/* End PBXResourcesBuildPhase section */

/* Begin PBXSourcesBuildPhase section */
		0650EDC21BA1E0EE00E83AD4 /* Sources */ = {
			isa = PBXSourcesBuildPhase;
			buildActionMask = 2147483647;
			files = (
			);
			runOnlyForDeploymentPostprocessing = 0;
		};
		0650EDCC1BA1E0EE00E83AD4 /* Sources */ = {
			isa = PBXSourcesBuildPhase;
			buildActionMask = 2147483647;
			files = (
				0650EDD81BA1E0EE00E83AD4 /* DataCoordinatorTests.swift in Sources */,
			);
			runOnlyForDeploymentPostprocessing = 0;
		};
		35AA85FA1BA0A168004DA80D /* Sources */ = {
			isa = PBXSourcesBuildPhase;
			buildActionMask = 2147483647;
			files = (
				35F31F7A1BA0F04400B8CCA5 /* DataSource.swift in Sources */,
				35AA861B1BA0A3EE004DA80D /* CoreDataManager.swift in Sources */,
				35AA86041BA0A168004DA80D /* ViewController.swift in Sources */,
				35AA860A1BA0A168004DA80D /* CoreDataTest.xcdatamodeld in Sources */,
				35AA86181BA0A20E004DA80D /* User+CoreDataProperties.swift in Sources */,
				35AA86191BA0A20E004DA80D /* User.swift in Sources */,
				35AA86021BA0A168004DA80D /* AppDelegate.swift in Sources */,
			);
			runOnlyForDeploymentPostprocessing = 0;
		};
/* End PBXSourcesBuildPhase section */

/* Begin PBXTargetDependency section */
		0650EDD31BA1E0EE00E83AD4 /* PBXTargetDependency */ = {
			isa = PBXTargetDependency;
			target = 0650EDC61BA1E0EE00E83AD4 /* DataCoordinator */;
			targetProxy = 0650EDD21BA1E0EE00E83AD4 /* PBXContainerItemProxy */;
		};
		0650EDD51BA1E0EE00E83AD4 /* PBXTargetDependency */ = {
			isa = PBXTargetDependency;
			target = 35AA85FD1BA0A168004DA80D /* CoreDataTest */;
			targetProxy = 0650EDD41BA1E0EE00E83AD4 /* PBXContainerItemProxy */;
		};
		0650EDDB1BA1E0EE00E83AD4 /* PBXTargetDependency */ = {
			isa = PBXTargetDependency;
			target = 0650EDC61BA1E0EE00E83AD4 /* DataCoordinator */;
			targetProxy = 0650EDDA1BA1E0EE00E83AD4 /* PBXContainerItemProxy */;
		};
/* End PBXTargetDependency section */

/* Begin PBXVariantGroup section */
		35AA86051BA0A168004DA80D /* Main.storyboard */ = {
			isa = PBXVariantGroup;
			children = (
				35AA86061BA0A168004DA80D /* Base */,
			);
			name = Main.storyboard;
			sourceTree = "<group>";
		};
		35AA860D1BA0A168004DA80D /* LaunchScreen.storyboard */ = {
			isa = PBXVariantGroup;
			children = (
				35AA860E1BA0A168004DA80D /* Base */,
			);
			name = LaunchScreen.storyboard;
			sourceTree = "<group>";
		};
/* End PBXVariantGroup section */

/* Begin XCBuildConfiguration section */
		0650EDDF1BA1E0EE00E83AD4 /* Debug */ = {
			isa = XCBuildConfiguration;
			buildSettings = {
				CODE_SIGN_IDENTITY = "iPhone Developer";
				CURRENT_PROJECT_VERSION = 1;
				DEFINES_MODULE = YES;
				DYLIB_COMPATIBILITY_VERSION = 1;
				DYLIB_CURRENT_VERSION = 1;
				DYLIB_INSTALL_NAME_BASE = "@rpath";
				INFOPLIST_FILE = DataCoordinator/Info.plist;
				INSTALL_PATH = "$(LOCAL_LIBRARY_DIR)/Frameworks";
				IPHONEOS_DEPLOYMENT_TARGET = 8.4;
				LD_RUNPATH_SEARCH_PATHS = "$(inherited) @executable_path/Frameworks @loader_path/Frameworks";
				PRODUCT_BUNDLE_IDENTIFIER = com.beamtoothbrush.CoreDataTest.DataCoordinator;
				PRODUCT_NAME = "$(TARGET_NAME)";
				SKIP_INSTALL = YES;
				VERSIONING_SYSTEM = "apple-generic";
				VERSION_INFO_PREFIX = "";
			};
			name = Debug;
		};
		0650EDE01BA1E0EE00E83AD4 /* Release */ = {
			isa = XCBuildConfiguration;
			buildSettings = {
				CODE_SIGN_IDENTITY = "iPhone Developer";
				CURRENT_PROJECT_VERSION = 1;
				DEFINES_MODULE = YES;
				DYLIB_COMPATIBILITY_VERSION = 1;
				DYLIB_CURRENT_VERSION = 1;
				DYLIB_INSTALL_NAME_BASE = "@rpath";
				INFOPLIST_FILE = DataCoordinator/Info.plist;
				INSTALL_PATH = "$(LOCAL_LIBRARY_DIR)/Frameworks";
				IPHONEOS_DEPLOYMENT_TARGET = 8.4;
				LD_RUNPATH_SEARCH_PATHS = "$(inherited) @executable_path/Frameworks @loader_path/Frameworks";
				PRODUCT_BUNDLE_IDENTIFIER = com.beamtoothbrush.CoreDataTest.DataCoordinator;
				PRODUCT_NAME = "$(TARGET_NAME)";
				SKIP_INSTALL = YES;
				VERSIONING_SYSTEM = "apple-generic";
				VERSION_INFO_PREFIX = "";
			};
			name = Release;
		};
		0650EDE31BA1E0EE00E83AD4 /* Debug */ = {
			isa = XCBuildConfiguration;
			buildSettings = {
				INFOPLIST_FILE = DataCoordinatorTests/Info.plist;
				IPHONEOS_DEPLOYMENT_TARGET = 9.1;
				LD_RUNPATH_SEARCH_PATHS = "$(inherited) @executable_path/Frameworks @loader_path/Frameworks";
				PRODUCT_BUNDLE_IDENTIFIER = com.beamtoothbrush.CoreDataTest.DataCoordinatorTests;
				PRODUCT_NAME = "$(TARGET_NAME)";
				TEST_HOST = "$(BUILT_PRODUCTS_DIR)/CoreDataTest.app/CoreDataTest";
			};
			name = Debug;
		};
		0650EDE41BA1E0EE00E83AD4 /* Release */ = {
			isa = XCBuildConfiguration;
			buildSettings = {
				INFOPLIST_FILE = DataCoordinatorTests/Info.plist;
				IPHONEOS_DEPLOYMENT_TARGET = 9.1;
				LD_RUNPATH_SEARCH_PATHS = "$(inherited) @executable_path/Frameworks @loader_path/Frameworks";
				PRODUCT_BUNDLE_IDENTIFIER = com.beamtoothbrush.CoreDataTest.DataCoordinatorTests;
				PRODUCT_NAME = "$(TARGET_NAME)";
				TEST_HOST = "$(BUILT_PRODUCTS_DIR)/CoreDataTest.app/CoreDataTest";
			};
			name = Release;
		};
		35AA86111BA0A168004DA80D /* Debug */ = {
			isa = XCBuildConfiguration;
			buildSettings = {
				ALWAYS_SEARCH_USER_PATHS = NO;
				CLANG_CXX_LANGUAGE_STANDARD = "gnu++0x";
				CLANG_CXX_LIBRARY = "libc++";
				CLANG_ENABLE_MODULES = YES;
				CLANG_ENABLE_OBJC_ARC = YES;
				CLANG_WARN_BOOL_CONVERSION = YES;
				CLANG_WARN_CONSTANT_CONVERSION = YES;
				CLANG_WARN_DIRECT_OBJC_ISA_USAGE = YES_ERROR;
				CLANG_WARN_EMPTY_BODY = YES;
				CLANG_WARN_ENUM_CONVERSION = YES;
				CLANG_WARN_INT_CONVERSION = YES;
				CLANG_WARN_OBJC_ROOT_CLASS = YES_ERROR;
				CLANG_WARN_UNREACHABLE_CODE = YES;
				CLANG_WARN__DUPLICATE_METHOD_MATCH = YES;
				"CODE_SIGN_IDENTITY[sdk=iphoneos*]" = "iPhone Developer";
				COPY_PHASE_STRIP = NO;
				DEBUG_INFORMATION_FORMAT = dwarf;
				ENABLE_STRICT_OBJC_MSGSEND = YES;
				ENABLE_TESTABILITY = YES;
				GCC_C_LANGUAGE_STANDARD = gnu99;
				GCC_DYNAMIC_NO_PIC = NO;
				GCC_NO_COMMON_BLOCKS = YES;
				GCC_OPTIMIZATION_LEVEL = 0;
				GCC_PREPROCESSOR_DEFINITIONS = (
					"DEBUG=1",
					"$(inherited)",
				);
				GCC_WARN_64_TO_32_BIT_CONVERSION = YES;
				GCC_WARN_ABOUT_RETURN_TYPE = YES_ERROR;
				GCC_WARN_UNDECLARED_SELECTOR = YES;
				GCC_WARN_UNINITIALIZED_AUTOS = YES_AGGRESSIVE;
				GCC_WARN_UNUSED_FUNCTION = YES;
				GCC_WARN_UNUSED_VARIABLE = YES;
				IPHONEOS_DEPLOYMENT_TARGET = 9.0;
				MTL_ENABLE_DEBUG_INFO = YES;
				ONLY_ACTIVE_ARCH = YES;
				SDKROOT = iphoneos;
				SWIFT_OPTIMIZATION_LEVEL = "-Onone";
				TARGETED_DEVICE_FAMILY = "1,2";
			};
			name = Debug;
		};
		35AA86121BA0A168004DA80D /* Release */ = {
			isa = XCBuildConfiguration;
			buildSettings = {
				ALWAYS_SEARCH_USER_PATHS = NO;
				CLANG_CXX_LANGUAGE_STANDARD = "gnu++0x";
				CLANG_CXX_LIBRARY = "libc++";
				CLANG_ENABLE_MODULES = YES;
				CLANG_ENABLE_OBJC_ARC = YES;
				CLANG_WARN_BOOL_CONVERSION = YES;
				CLANG_WARN_CONSTANT_CONVERSION = YES;
				CLANG_WARN_DIRECT_OBJC_ISA_USAGE = YES_ERROR;
				CLANG_WARN_EMPTY_BODY = YES;
				CLANG_WARN_ENUM_CONVERSION = YES;
				CLANG_WARN_INT_CONVERSION = YES;
				CLANG_WARN_OBJC_ROOT_CLASS = YES_ERROR;
				CLANG_WARN_UNREACHABLE_CODE = YES;
				CLANG_WARN__DUPLICATE_METHOD_MATCH = YES;
				"CODE_SIGN_IDENTITY[sdk=iphoneos*]" = "iPhone Developer";
				COPY_PHASE_STRIP = NO;
				DEBUG_INFORMATION_FORMAT = "dwarf-with-dsym";
				ENABLE_NS_ASSERTIONS = NO;
				ENABLE_STRICT_OBJC_MSGSEND = YES;
				GCC_C_LANGUAGE_STANDARD = gnu99;
				GCC_NO_COMMON_BLOCKS = YES;
				GCC_WARN_64_TO_32_BIT_CONVERSION = YES;
				GCC_WARN_ABOUT_RETURN_TYPE = YES_ERROR;
				GCC_WARN_UNDECLARED_SELECTOR = YES;
				GCC_WARN_UNINITIALIZED_AUTOS = YES_AGGRESSIVE;
				GCC_WARN_UNUSED_FUNCTION = YES;
				GCC_WARN_UNUSED_VARIABLE = YES;
				IPHONEOS_DEPLOYMENT_TARGET = 9.0;
				MTL_ENABLE_DEBUG_INFO = NO;
				SDKROOT = iphoneos;
				TARGETED_DEVICE_FAMILY = "1,2";
				VALIDATE_PRODUCT = YES;
			};
			name = Release;
		};
		35AA86141BA0A168004DA80D /* Debug */ = {
			isa = XCBuildConfiguration;
			buildSettings = {
				ASSETCATALOG_COMPILER_APPICON_NAME = AppIcon;
				CODE_SIGN_IDENTITY = "iPhone Developer";
				INFOPLIST_FILE = CoreDataTest/Info.plist;
				IPHONEOS_DEPLOYMENT_TARGET = 8.4;
				LD_RUNPATH_SEARCH_PATHS = "$(inherited) @executable_path/Frameworks";
				PRODUCT_BUNDLE_IDENTIFIER = com.beamtoothbrush.CoreDataTest;
				PRODUCT_NAME = "$(TARGET_NAME)";
			};
			name = Debug;
		};
		35AA86151BA0A168004DA80D /* Release */ = {
			isa = XCBuildConfiguration;
			buildSettings = {
				ASSETCATALOG_COMPILER_APPICON_NAME = AppIcon;
				CODE_SIGN_IDENTITY = "iPhone Developer";
				INFOPLIST_FILE = CoreDataTest/Info.plist;
				IPHONEOS_DEPLOYMENT_TARGET = 8.4;
				LD_RUNPATH_SEARCH_PATHS = "$(inherited) @executable_path/Frameworks";
				PRODUCT_BUNDLE_IDENTIFIER = com.beamtoothbrush.CoreDataTest;
				PRODUCT_NAME = "$(TARGET_NAME)";
			};
			name = Release;
		};
/* End XCBuildConfiguration section */

/* Begin XCConfigurationList section */
		0650EDDE1BA1E0EE00E83AD4 /* Build configuration list for PBXNativeTarget "DataCoordinator" */ = {
			isa = XCConfigurationList;
			buildConfigurations = (
				0650EDDF1BA1E0EE00E83AD4 /* Debug */,
				0650EDE01BA1E0EE00E83AD4 /* Release */,
			);
			defaultConfigurationIsVisible = 0;
		};
		0650EDE21BA1E0EE00E83AD4 /* Build configuration list for PBXNativeTarget "DataCoordinatorTests" */ = {
			isa = XCConfigurationList;
			buildConfigurations = (
				0650EDE31BA1E0EE00E83AD4 /* Debug */,
				0650EDE41BA1E0EE00E83AD4 /* Release */,
			);
			defaultConfigurationIsVisible = 0;
		};
		35AA85F91BA0A168004DA80D /* Build configuration list for PBXProject "CoreDataTest" */ = {
			isa = XCConfigurationList;
			buildConfigurations = (
				35AA86111BA0A168004DA80D /* Debug */,
				35AA86121BA0A168004DA80D /* Release */,
			);
			defaultConfigurationIsVisible = 0;
			defaultConfigurationName = Release;
		};
		35AA86131BA0A168004DA80D /* Build configuration list for PBXNativeTarget "CoreDataTest" */ = {
			isa = XCConfigurationList;
			buildConfigurations = (
				35AA86141BA0A168004DA80D /* Debug */,
				35AA86151BA0A168004DA80D /* Release */,
			);
			defaultConfigurationIsVisible = 0;
			defaultConfigurationName = Release;
		};
/* End XCConfigurationList section */

/* Begin XCVersionGroup section */
		35AA86081BA0A168004DA80D /* CoreDataTest.xcdatamodeld */ = {
			isa = XCVersionGroup;
			children = (
				35AA86091BA0A168004DA80D /* CoreDataTest.xcdatamodel */,
			);
			currentVersion = 35AA86091BA0A168004DA80D /* CoreDataTest.xcdatamodel */;
			path = CoreDataTest.xcdatamodeld;
			sourceTree = "<group>";
			versionGroupType = wrapper.xcdatamodel;
		};
/* End XCVersionGroup section */
	};
	rootObject = 35AA85F61BA0A168004DA80D /* Project object */;
}
